
Microsoft Visual Studio Solution File, Format Version 12.00
# Visual Studio Version 16
VisualStudioVersion = 16.0.30503.244
MinimumVisualStudioVersion = 10.0.40219.1
Project("{FAE04EC0-301F-11D3-BF4B-00C04F79EFBC}") = "Ejercicio4.Android", "Ejercicio4\Ejercicio4.Android\Ejercicio4.Android.csproj", "{C84DBE1A-D65F-44FA-9B90-B38295D25F74}"
EndProject
Project("{FAE04EC0-301F-11D3-BF4B-00C04F79EFBC}") = "Ejercicio4", "Ejercicio4\Ejercicio4\Ejercicio4.csproj", "{017D404D-8FF3-4299-BFD6-74CF84A82BC2}"
EndProject
Global
	GlobalSection(SolutionConfigurationPlatforms) = preSolution
		Debug|Any CPU = Debug|Any CPU
		Release|Any CPU = Release|Any CPU
	EndGlobalSection
	GlobalSection(ProjectConfigurationPlatforms) = postSolution
		{C84DBE1A-D65F-44FA-9B90-B38295D25F74}.Debug|Any CPU.ActiveCfg = Debug|Any CPU
		{C84DBE1A-D65F-44FA-9B90-B38295D25F74}.Debug|Any CPU.Build.0 = Debug|Any CPU
		{C84DBE1A-D65F-44FA-9B90-B38295D25F74}.Debug|Any CPU.Deploy.0 = Debug|Any CPU
		{C84DBE1A-D65F-44FA-9B90-B38295D25F74}.Release|Any CPU.ActiveCfg = Release|Any CPU
		{C84DBE1A-D65F-44FA-9B90-B38295D25F74}.Release|Any CPU.Build.0 = Release|Any CPU
		{C84DBE1A-D65F-44FA-9B90-B38295D25F74}.Release|Any CPU.Deploy.0 = Release|Any CPU
		{017D404D-8FF3-4299-BFD6-74CF84A82BC2}.Debug|Any CPU.ActiveCfg = Debug|Any CPU
		{017D404D-8FF3-4299-BFD6-74CF84A82BC2}.Debug|Any CPU.Build.0 = Debug|Any CPU
		{017D404D-8FF3-4299-BFD6-74CF84A82BC2}.Debug|Any CPU.Deploy.0 = Debug|Any CPU
		{017D404D-8FF3-4299-BFD6-74CF84A82BC2}.Release|Any CPU.ActiveCfg = Release|Any CPU
		{017D404D-8FF3-4299-BFD6-74CF84A82BC2}.Release|Any CPU.Build.0 = Release|Any CPU
		{017D404D-8FF3-4299-BFD6-74CF84A82BC2}.Release|Any CPU.Deploy.0 = Release|Any CPU
	EndGlobalSection
	GlobalSection(SolutionProperties) = preSolution
		HideSolutionNode = FALSE
	EndGlobalSection
	GlobalSection(ExtensibilityGlobals) = postSolution
		SolutionGuid = {E4600DC2-88C8-4353-9FCA-E4BBB22A0A9E}
	EndGlobalSection
EndGlobal
