
Microsoft Visual Studio Solution File, Format Version 12.00
# Visual Studio Version 16
VisualStudioVersion = 16.0.30503.244
MinimumVisualStudioVersion = 10.0.40219.1
Project("{FAE04EC0-301F-11D3-BF4B-00C04F79EFBC}") = "Ejercicio9.Android", "Ejercicio9\Ejercicio9.Android\Ejercicio9.Android.csproj", "{4F375958-C149-4889-952C-42A2F17A7A33}"
EndProject
Project("{FAE04EC0-301F-11D3-BF4B-00C04F79EFBC}") = "Ejercicio9", "Ejercicio9\Ejercicio9\Ejercicio9.csproj", "{5D4E6FA0-163E-40C1-8020-7A21ACDBB493}"
EndProject
Global
	GlobalSection(SolutionConfigurationPlatforms) = preSolution
		Debug|Any CPU = Debug|Any CPU
		Release|Any CPU = Release|Any CPU
	EndGlobalSection
	GlobalSection(ProjectConfigurationPlatforms) = postSolution
		{4F375958-C149-4889-952C-42A2F17A7A33}.Debug|Any CPU.ActiveCfg = Debug|Any CPU
		{4F375958-C149-4889-952C-42A2F17A7A33}.Debug|Any CPU.Build.0 = Debug|Any CPU
		{4F375958-C149-4889-952C-42A2F17A7A33}.Debug|Any CPU.Deploy.0 = Debug|Any CPU
		{4F375958-C149-4889-952C-42A2F17A7A33}.Release|Any CPU.ActiveCfg = Release|Any CPU
		{4F375958-C149-4889-952C-42A2F17A7A33}.Release|Any CPU.Build.0 = Release|Any CPU
		{4F375958-C149-4889-952C-42A2F17A7A33}.Release|Any CPU.Deploy.0 = Release|Any CPU
		{5D4E6FA0-163E-40C1-8020-7A21ACDBB493}.Debug|Any CPU.ActiveCfg = Debug|Any CPU
		{5D4E6FA0-163E-40C1-8020-7A21ACDBB493}.Debug|Any CPU.Build.0 = Debug|Any CPU
		{5D4E6FA0-163E-40C1-8020-7A21ACDBB493}.Debug|Any CPU.Deploy.0 = Debug|Any CPU
		{5D4E6FA0-163E-40C1-8020-7A21ACDBB493}.Release|Any CPU.ActiveCfg = Release|Any CPU
		{5D4E6FA0-163E-40C1-8020-7A21ACDBB493}.Release|Any CPU.Build.0 = Release|Any CPU
		{5D4E6FA0-163E-40C1-8020-7A21ACDBB493}.Release|Any CPU.Deploy.0 = Release|Any CPU
	EndGlobalSection
	GlobalSection(SolutionProperties) = preSolution
		HideSolutionNode = FALSE
	EndGlobalSection
	GlobalSection(ExtensibilityGlobals) = postSolution
		SolutionGuid = {844671FA-6BED-45D4-826D-9C5FA780E432}
	EndGlobalSection
EndGlobal
