
Microsoft Visual Studio Solution File, Format Version 12.00
# Visual Studio Version 16
VisualStudioVersion = 16.0.30503.244
MinimumVisualStudioVersion = 10.0.40219.1
Project("{FAE04EC0-301F-11D3-BF4B-00C04F79EFBC}") = "Ejercicio1.Android", "Ejercicio1\Ejercicio1.Android\Ejercicio1.Android.csproj", "{620C224F-3755-4AC9-ADFA-C8D7A2EC82A1}"
EndProject
Project("{FAE04EC0-301F-11D3-BF4B-00C04F79EFBC}") = "Ejercicio1", "Ejercicio1\Ejercicio1\Ejercicio1.csproj", "{185488C2-9267-47BD-9BEF-BF4831BC4A4B}"
EndProject
Global
	GlobalSection(SolutionConfigurationPlatforms) = preSolution
		Debug|Any CPU = Debug|Any CPU
		Release|Any CPU = Release|Any CPU
	EndGlobalSection
	GlobalSection(ProjectConfigurationPlatforms) = postSolution
		{620C224F-3755-4AC9-ADFA-C8D7A2EC82A1}.Debug|Any CPU.ActiveCfg = Debug|Any CPU
		{620C224F-3755-4AC9-ADFA-C8D7A2EC82A1}.Debug|Any CPU.Build.0 = Debug|Any CPU
		{620C224F-3755-4AC9-ADFA-C8D7A2EC82A1}.Debug|Any CPU.Deploy.0 = Debug|Any CPU
		{620C224F-3755-4AC9-ADFA-C8D7A2EC82A1}.Release|Any CPU.ActiveCfg = Release|Any CPU
		{620C224F-3755-4AC9-ADFA-C8D7A2EC82A1}.Release|Any CPU.Build.0 = Release|Any CPU
		{620C224F-3755-4AC9-ADFA-C8D7A2EC82A1}.Release|Any CPU.Deploy.0 = Release|Any CPU
		{185488C2-9267-47BD-9BEF-BF4831BC4A4B}.Debug|Any CPU.ActiveCfg = Debug|Any CPU
		{185488C2-9267-47BD-9BEF-BF4831BC4A4B}.Debug|Any CPU.Build.0 = Debug|Any CPU
		{185488C2-9267-47BD-9BEF-BF4831BC4A4B}.Debug|Any CPU.Deploy.0 = Debug|Any CPU
		{185488C2-9267-47BD-9BEF-BF4831BC4A4B}.Release|Any CPU.ActiveCfg = Release|Any CPU
		{185488C2-9267-47BD-9BEF-BF4831BC4A4B}.Release|Any CPU.Build.0 = Release|Any CPU
		{185488C2-9267-47BD-9BEF-BF4831BC4A4B}.Release|Any CPU.Deploy.0 = Release|Any CPU
	EndGlobalSection
	GlobalSection(SolutionProperties) = preSolution
		HideSolutionNode = FALSE
	EndGlobalSection
	GlobalSection(ExtensibilityGlobals) = postSolution
		SolutionGuid = {88978879-E101-4DBF-82BB-409BB7AD16DE}
	EndGlobalSection
EndGlobal
