
Microsoft Visual Studio Solution File, Format Version 12.00
# Visual Studio Version 16
VisualStudioVersion = 16.0.30503.244
MinimumVisualStudioVersion = 10.0.40219.1
Project("{FAE04EC0-301F-11D3-BF4B-00C04F79EFBC}") = "Ejercicio7.Android", "Ejercicio7\Ejercicio7.Android\Ejercicio7.Android.csproj", "{C5FC406E-A35C-42D9-A295-E23C3AAB6653}"
EndProject
Project("{FAE04EC0-301F-11D3-BF4B-00C04F79EFBC}") = "Ejercicio7", "Ejercicio7\Ejercicio7\Ejercicio7.csproj", "{D8B6DE74-8490-4FB6-B73C-DD7DBD487D1F}"
EndProject
Global
	GlobalSection(SolutionConfigurationPlatforms) = preSolution
		Debug|Any CPU = Debug|Any CPU
		Release|Any CPU = Release|Any CPU
	EndGlobalSection
	GlobalSection(ProjectConfigurationPlatforms) = postSolution
		{C5FC406E-A35C-42D9-A295-E23C3AAB6653}.Debug|Any CPU.ActiveCfg = Debug|Any CPU
		{C5FC406E-A35C-42D9-A295-E23C3AAB6653}.Debug|Any CPU.Build.0 = Debug|Any CPU
		{C5FC406E-A35C-42D9-A295-E23C3AAB6653}.Debug|Any CPU.Deploy.0 = Debug|Any CPU
		{C5FC406E-A35C-42D9-A295-E23C3AAB6653}.Release|Any CPU.ActiveCfg = Release|Any CPU
		{C5FC406E-A35C-42D9-A295-E23C3AAB6653}.Release|Any CPU.Build.0 = Release|Any CPU
		{C5FC406E-A35C-42D9-A295-E23C3AAB6653}.Release|Any CPU.Deploy.0 = Release|Any CPU
		{D8B6DE74-8490-4FB6-B73C-DD7DBD487D1F}.Debug|Any CPU.ActiveCfg = Debug|Any CPU
		{D8B6DE74-8490-4FB6-B73C-DD7DBD487D1F}.Debug|Any CPU.Build.0 = Debug|Any CPU
		{D8B6DE74-8490-4FB6-B73C-DD7DBD487D1F}.Debug|Any CPU.Deploy.0 = Debug|Any CPU
		{D8B6DE74-8490-4FB6-B73C-DD7DBD487D1F}.Release|Any CPU.ActiveCfg = Release|Any CPU
		{D8B6DE74-8490-4FB6-B73C-DD7DBD487D1F}.Release|Any CPU.Build.0 = Release|Any CPU
		{D8B6DE74-8490-4FB6-B73C-DD7DBD487D1F}.Release|Any CPU.Deploy.0 = Release|Any CPU
	EndGlobalSection
	GlobalSection(SolutionProperties) = preSolution
		HideSolutionNode = FALSE
	EndGlobalSection
	GlobalSection(ExtensibilityGlobals) = postSolution
		SolutionGuid = {1000F7A1-81FD-46FC-83F5-6B1B292FDD25}
	EndGlobalSection
EndGlobal
