
Microsoft Visual Studio Solution File, Format Version 12.00
# Visual Studio Version 16
VisualStudioVersion = 16.0.30503.244
MinimumVisualStudioVersion = 10.0.40219.1
Project("{FAE04EC0-301F-11D3-BF4B-00C04F79EFBC}") = "Ejercicio3.Android", "Ejercicio3\Ejercicio3.Android\Ejercicio3.Android.csproj", "{0A89B4E0-D9E9-4EAF-BD59-C6AE5AD088DC}"
EndProject
Project("{FAE04EC0-301F-11D3-BF4B-00C04F79EFBC}") = "Ejercicio3", "Ejercicio3\Ejercicio3\Ejercicio3.csproj", "{48F8AEAC-169B-4622-A8E6-4C76D206D104}"
EndProject
Global
	GlobalSection(SolutionConfigurationPlatforms) = preSolution
		Debug|Any CPU = Debug|Any CPU
		Release|Any CPU = Release|Any CPU
	EndGlobalSection
	GlobalSection(ProjectConfigurationPlatforms) = postSolution
		{0A89B4E0-D9E9-4EAF-BD59-C6AE5AD088DC}.Debug|Any CPU.ActiveCfg = Debug|Any CPU
		{0A89B4E0-D9E9-4EAF-BD59-C6AE5AD088DC}.Debug|Any CPU.Build.0 = Debug|Any CPU
		{0A89B4E0-D9E9-4EAF-BD59-C6AE5AD088DC}.Debug|Any CPU.Deploy.0 = Debug|Any CPU
		{0A89B4E0-D9E9-4EAF-BD59-C6AE5AD088DC}.Release|Any CPU.ActiveCfg = Release|Any CPU
		{0A89B4E0-D9E9-4EAF-BD59-C6AE5AD088DC}.Release|Any CPU.Build.0 = Release|Any CPU
		{0A89B4E0-D9E9-4EAF-BD59-C6AE5AD088DC}.Release|Any CPU.Deploy.0 = Release|Any CPU
		{48F8AEAC-169B-4622-A8E6-4C76D206D104}.Debug|Any CPU.ActiveCfg = Debug|Any CPU
		{48F8AEAC-169B-4622-A8E6-4C76D206D104}.Debug|Any CPU.Build.0 = Debug|Any CPU
		{48F8AEAC-169B-4622-A8E6-4C76D206D104}.Debug|Any CPU.Deploy.0 = Debug|Any CPU
		{48F8AEAC-169B-4622-A8E6-4C76D206D104}.Release|Any CPU.ActiveCfg = Release|Any CPU
		{48F8AEAC-169B-4622-A8E6-4C76D206D104}.Release|Any CPU.Build.0 = Release|Any CPU
		{48F8AEAC-169B-4622-A8E6-4C76D206D104}.Release|Any CPU.Deploy.0 = Release|Any CPU
	EndGlobalSection
	GlobalSection(SolutionProperties) = preSolution
		HideSolutionNode = FALSE
	EndGlobalSection
	GlobalSection(ExtensibilityGlobals) = postSolution
		SolutionGuid = {F39D4A8D-FA62-4852-8000-7161B5CC7F3B}
	EndGlobalSection
EndGlobal
