
Microsoft Visual Studio Solution File, Format Version 12.00
# Visual Studio Version 16
VisualStudioVersion = 16.0.30503.244
MinimumVisualStudioVersion = 10.0.40219.1
Project("{FAE04EC0-301F-11D3-BF4B-00C04F79EFBC}") = "Ejercicio1.Android", "Ejercicio1\Ejercicio1.Android\Ejercicio1.Android.csproj", "{91169806-5671-45AE-9B16-DFEEE66F659F}"
EndProject
Project("{FAE04EC0-301F-11D3-BF4B-00C04F79EFBC}") = "Ejercicio1", "Ejercicio1\Ejercicio1\Ejercicio1.csproj", "{BA657FCB-877B-4F00-B028-C7EF5B5AAF68}"
EndProject
Global
	GlobalSection(SolutionConfigurationPlatforms) = preSolution
		Debug|Any CPU = Debug|Any CPU
		Release|Any CPU = Release|Any CPU
	EndGlobalSection
	GlobalSection(ProjectConfigurationPlatforms) = postSolution
		{91169806-5671-45AE-9B16-DFEEE66F659F}.Debug|Any CPU.ActiveCfg = Debug|Any CPU
		{91169806-5671-45AE-9B16-DFEEE66F659F}.Debug|Any CPU.Build.0 = Debug|Any CPU
		{91169806-5671-45AE-9B16-DFEEE66F659F}.Debug|Any CPU.Deploy.0 = Debug|Any CPU
		{91169806-5671-45AE-9B16-DFEEE66F659F}.Release|Any CPU.ActiveCfg = Release|Any CPU
		{91169806-5671-45AE-9B16-DFEEE66F659F}.Release|Any CPU.Build.0 = Release|Any CPU
		{91169806-5671-45AE-9B16-DFEEE66F659F}.Release|Any CPU.Deploy.0 = Release|Any CPU
		{BA657FCB-877B-4F00-B028-C7EF5B5AAF68}.Debug|Any CPU.ActiveCfg = Debug|Any CPU
		{BA657FCB-877B-4F00-B028-C7EF5B5AAF68}.Debug|Any CPU.Build.0 = Debug|Any CPU
		{BA657FCB-877B-4F00-B028-C7EF5B5AAF68}.Debug|Any CPU.Deploy.0 = Debug|Any CPU
		{BA657FCB-877B-4F00-B028-C7EF5B5AAF68}.Release|Any CPU.ActiveCfg = Release|Any CPU
		{BA657FCB-877B-4F00-B028-C7EF5B5AAF68}.Release|Any CPU.Build.0 = Release|Any CPU
		{BA657FCB-877B-4F00-B028-C7EF5B5AAF68}.Release|Any CPU.Deploy.0 = Release|Any CPU
	EndGlobalSection
	GlobalSection(SolutionProperties) = preSolution
		HideSolutionNode = FALSE
	EndGlobalSection
	GlobalSection(ExtensibilityGlobals) = postSolution
		SolutionGuid = {FE02663F-FA39-4D72-AB2B-401A7C09CA3E}
	EndGlobalSection
EndGlobal
